
Microsoft Visual Studio Solution File, Format Version 12.00
# Visual Studio Version 17
VisualStudioVersion = 17.5.002.0
MinimumVisualStudioVersion = 10.0.40219.1
Project("{9A19103F-16F7-4668-BE54-9A1E7A4F7556}") = "Basics.Tanlash-bo-limi-uchun-1-amaliy-vazifa", "Basics.Tanlash-bo-limi-uchun-1-amaliy-vazifa.csproj", "{E559F545-A37C-4954-A57E-0EF5ACEEB82E}"
EndProject
Global
	GlobalSection(SolutionConfigurationPlatforms) = preSolution
		Debug|Any CPU = Debug|Any CPU
		Release|Any CPU = Release|Any CPU
	EndGlobalSection
	GlobalSection(ProjectConfigurationPlatforms) = postSolution
		{E559F545-A37C-4954-A57E-0EF5ACEEB82E}.Debug|Any CPU.ActiveCfg = Debug|Any CPU
		{E559F545-A37C-4954-A57E-0EF5ACEEB82E}.Debug|Any CPU.Build.0 = Debug|Any CPU
		{E559F545-A37C-4954-A57E-0EF5ACEEB82E}.Release|Any CPU.ActiveCfg = Release|Any CPU
		{E559F545-A37C-4954-A57E-0EF5ACEEB82E}.Release|Any CPU.Build.0 = Release|Any CPU
	EndGlobalSection
	GlobalSection(SolutionProperties) = preSolution
		HideSolutionNode = FALSE
	EndGlobalSection
	GlobalSection(ExtensibilityGlobals) = postSolution
		SolutionGuid = {AAB6842D-12A9-42BE-B970-D27349B13937}
	EndGlobalSection
EndGlobal
